
Microsoft Visual Studio Solution File, Format Version 12.00
# Visual Studio Version 16
VisualStudioVersion = 16.0.31005.135
MinimumVisualStudioVersion = 10.0.40219.1
Project("{FAE04EC0-301F-11D3-BF4B-00C04F79EFBC}") = "Pure Puzzles", "Pure Puzzles\Pure Puzzles.csproj", "{0805A668-4F95-4131-8695-7EB44DE912BA}"
EndProject
Global
	GlobalSection(SolutionConfigurationPlatforms) = preSolution
		Debug|Any CPU = Debug|Any CPU
		Release|Any CPU = Release|Any CPU
	EndGlobalSection
	GlobalSection(ProjectConfigurationPlatforms) = postSolution
		{0805A668-4F95-4131-8695-7EB44DE912BA}.Debug|Any CPU.ActiveCfg = Debug|Any CPU
		{0805A668-4F95-4131-8695-7EB44DE912BA}.Debug|Any CPU.Build.0 = Debug|Any CPU
		{0805A668-4F95-4131-8695-7EB44DE912BA}.Release|Any CPU.ActiveCfg = Release|Any CPU
		{0805A668-4F95-4131-8695-7EB44DE912BA}.Release|Any CPU.Build.0 = Release|Any CPU
	EndGlobalSection
	GlobalSection(SolutionProperties) = preSolution
		HideSolutionNode = FALSE
	EndGlobalSection
	GlobalSection(ExtensibilityGlobals) = postSolution
		SolutionGuid = {BFC491E0-2A74-4662-95BB-8A429ECA5C91}
	EndGlobalSection
EndGlobal
