
Microsoft Visual Studio Solution File, Format Version 12.00
# Visual Studio Version 16
VisualStudioVersion = 16.0.31005.135
MinimumVisualStudioVersion = 10.0.40219.1
Project("{FAE04EC0-301F-11D3-BF4B-00C04F79EFBC}") = "3-4", "3-4\3-4.csproj", "{FC4CEA55-772F-4193-A928-60EDADB7C78C}"
EndProject
Global
	GlobalSection(SolutionConfigurationPlatforms) = preSolution
		Debug|Any CPU = Debug|Any CPU
		Release|Any CPU = Release|Any CPU
	EndGlobalSection
	GlobalSection(ProjectConfigurationPlatforms) = postSolution
		{FC4CEA55-772F-4193-A928-60EDADB7C78C}.Debug|Any CPU.ActiveCfg = Debug|Any CPU
		{FC4CEA55-772F-4193-A928-60EDADB7C78C}.Debug|Any CPU.Build.0 = Debug|Any CPU
		{FC4CEA55-772F-4193-A928-60EDADB7C78C}.Release|Any CPU.ActiveCfg = Release|Any CPU
		{FC4CEA55-772F-4193-A928-60EDADB7C78C}.Release|Any CPU.Build.0 = Release|Any CPU
	EndGlobalSection
	GlobalSection(SolutionProperties) = preSolution
		HideSolutionNode = FALSE
	EndGlobalSection
	GlobalSection(ExtensibilityGlobals) = postSolution
		SolutionGuid = {9DA64BA9-E8DC-4ADF-A3CA-4A85B64E18A5}
	EndGlobalSection
EndGlobal
